
Microsoft Visual Studio Solution File, Format Version 12.00
# Visual Studio 14
VisualStudioVersion = 14.0.24720.0
MinimumVisualStudioVersion = 10.0.40219.1
Project("{FAE04EC0-301F-11D3-BF4B-00C04F79EFBC}") = "PeopleProTraining", "PeopleProTraining\PeopleProTraining.csproj", "{5571347E-5899-4472-9B26-4F19778302F9}"
EndProject
Project("{FAE04EC0-301F-11D3-BF4B-00C04F79EFBC}") = "PeopleProTraining.Dal", "PeopleProTraining.Dal\PeopleProTraining.Dal.csproj", "{5D101C0E-0749-4F64-807F-696B03800D9A}"
EndProject
Project("{FAE04EC0-301F-11D3-BF4B-00C04F79EFBC}") = "PeopleProTraining.Core", "PeopleProTraining.Core\PeopleProTraining.Core.csproj", "{5435FDD8-FA28-4307-BEFF-019DDF8C3397}"
EndProject
Global
	GlobalSection(SolutionConfigurationPlatforms) = preSolution
		Debug|Any CPU = Debug|Any CPU
		Release|Any CPU = Release|Any CPU
	EndGlobalSection
	GlobalSection(ProjectConfigurationPlatforms) = postSolution
		{5571347E-5899-4472-9B26-4F19778302F9}.Debug|Any CPU.ActiveCfg = Debug|Any CPU
		{5571347E-5899-4472-9B26-4F19778302F9}.Debug|Any CPU.Build.0 = Debug|Any CPU
		{5571347E-5899-4472-9B26-4F19778302F9}.Release|Any CPU.ActiveCfg = Release|Any CPU
		{5571347E-5899-4472-9B26-4F19778302F9}.Release|Any CPU.Build.0 = Release|Any CPU
		{5D101C0E-0749-4F64-807F-696B03800D9A}.Debug|Any CPU.ActiveCfg = Debug|Any CPU
		{5D101C0E-0749-4F64-807F-696B03800D9A}.Debug|Any CPU.Build.0 = Debug|Any CPU
		{5D101C0E-0749-4F64-807F-696B03800D9A}.Release|Any CPU.ActiveCfg = Release|Any CPU
		{5D101C0E-0749-4F64-807F-696B03800D9A}.Release|Any CPU.Build.0 = Release|Any CPU
		{5435FDD8-FA28-4307-BEFF-019DDF8C3397}.Debug|Any CPU.ActiveCfg = Debug|Any CPU
		{5435FDD8-FA28-4307-BEFF-019DDF8C3397}.Debug|Any CPU.Build.0 = Debug|Any CPU
		{5435FDD8-FA28-4307-BEFF-019DDF8C3397}.Release|Any CPU.ActiveCfg = Release|Any CPU
		{5435FDD8-FA28-4307-BEFF-019DDF8C3397}.Release|Any CPU.Build.0 = Release|Any CPU
	EndGlobalSection
	GlobalSection(SolutionProperties) = preSolution
		HideSolutionNode = FALSE
	EndGlobalSection
EndGlobal
